# This file is autogenerated, do not edit; changes may be undone by the next 'dep ensure'.


[[projects]]
  name = "github.com/davecgh/go-spew"
  packages = ["spew"]
  revision = "346938d642f2ec3594ed81d874461961cd0faa76"
  version = "v1.1.0"

[[projects]]
  branch = "master"
  name = "github.com/facebookgo/httpcontrol"
  packages = ["."]
  revision = "ccde4420e1fee9af5da365cb76075b95683f39a6"

[[projects]]
  name = "github.com/garyburd/redigo"
  packages = [
    "internal",
    "redis"
  ]
  revision = "836b6e58b3358112c8291565d01c35b8764070d7"

[[projects]]
  branch = "master"
  name = "github.com/gorilla/context"
  packages = ["."]
  revision = "08b5f424b9271eedf6f9f0ce86cb9396ed337a42"

[[projects]]
  branch = "master"
  name = "github.com/gorilla/mux"
  packages = ["."]
  revision = "c0091a029979286890368b4c7b301261e448e242"

[[projects]]
  name = "github.com/gregjones/httpcache"
  packages = ["."]
  revision = "4fb00a8eec008ffa8ac9ec46a93684dcbb62fc09"

[[projects]]
  branch = "master"
  name = "github.com/kardianos/minwinsvc"
  packages = ["."]
  revision = "cad6b2b879b0970e4245a20ebf1a81a756e2bb70"

[[projects]]
  branch = "jko/comments"
  name = "github.com/launchdarkly/eventsource"
  packages = ["."]
  revision = "b803733aaa750b174dbab9a8b36472682ba13d2e"

[[projects]]
  branch = "v1"
  name = "github.com/launchdarkly/gcfg"
  packages = [
    ".",
    "scanner",
    "token",
    "types"
  ]
  revision = "83c3f001aeeb16851795c3d68ad22f7f83a39538"

[[projects]]
  name = "github.com/patrickmn/go-cache"
  packages = ["."]
  revision = "1881a9bccb818787f68c52bfba648c6cf34c34fa"
  version = "v2.0.0"

[[projects]]
  name = "github.com/pmezard/go-difflib"
  packages = ["difflib"]
  revision = "792786c7400a136282c1664665ae0a8db921c6c2"
  version = "v1.0.0"

[[projects]]
  branch = "master"
  name = "github.com/stretchr/objx"
  packages = ["."]
  revision = "8a3f7159479fbc75b30357fbc48f380b7320f08e"

[[projects]]
  name = "github.com/stretchr/testify"
  packages = [
    "assert",
    "mock"
  ]
  revision = "87b1dfb5b2fa649f52695dd9eae19abe404a4308"

[[projects]]
  name = "golang.org/x/sys"
  packages = [
    "windows",
    "windows/svc"
  ]
  revision = "b76f9891dc1d975623261def70f9b89661f5baab"

[[projects]]
  name = "gopkg.in/launchdarkly/go-client.v2"
  packages = ["."]
  revision = "6a0bf6b9875a79bf8b8861d80ed1a6fd2f103a93"

[solve-meta]
  analyzer-name = "dep"
  analyzer-version = 1
  inputs-digest = "ea906741a2491444227c45ace2df369dcc2812e39131af04b645f22b3df300a1"
  solver-name = "gps-cdcl"
  solver-version = 1
